
Microsoft Visual Studio Solution File, Format Version 12.00
# Visual Studio 15
VisualStudioVersion = 15.0.28307.168
MinimumVisualStudioVersion = 10.0.40219.1
Project("{9A19103F-16F7-4668-BE54-9A1E7A4F7556}") = "deferat", "deferat.csproj", "{AFC6DFE5-DA0E-41B9-9DB3-E2FBA62A0D90}"
EndProject
Global
	GlobalSection(SolutionConfigurationPlatforms) = preSolution
		Debug|Any CPU = Debug|Any CPU
		Release|Any CPU = Release|Any CPU
	EndGlobalSection
	GlobalSection(ProjectConfigurationPlatforms) = postSolution
		{AFC6DFE5-DA0E-41B9-9DB3-E2FBA62A0D90}.Debug|Any CPU.ActiveCfg = Debug|Any CPU
		{AFC6DFE5-DA0E-41B9-9DB3-E2FBA62A0D90}.Debug|Any CPU.Build.0 = Debug|Any CPU
		{AFC6DFE5-DA0E-41B9-9DB3-E2FBA62A0D90}.Release|Any CPU.ActiveCfg = Release|Any CPU
		{AFC6DFE5-DA0E-41B9-9DB3-E2FBA62A0D90}.Release|Any CPU.Build.0 = Release|Any CPU
	EndGlobalSection
	GlobalSection(SolutionProperties) = preSolution
		HideSolutionNode = FALSE
	EndGlobalSection
	GlobalSection(ExtensibilityGlobals) = postSolution
		SolutionGuid = {32693BF7-B4C5-4D4A-BEB3-8F835DF35130}
	EndGlobalSection
EndGlobal
